
Microsoft Visual Studio Solution File, Format Version 12.00
# Visual Studio Version 16
VisualStudioVersion = 16.0.30804.86
MinimumVisualStudioVersion = 10.0.40219.1
Project("{FAE04EC0-301F-11D3-BF4B-00C04F79EFBC}") = "학교", "학교\학교.csproj", "{BEF03F86-150E-4653-8A51-0F1E3DCF3DE5}"
EndProject
Global
	GlobalSection(SolutionConfigurationPlatforms) = preSolution
		Debug|Any CPU = Debug|Any CPU
		Release|Any CPU = Release|Any CPU
	EndGlobalSection
	GlobalSection(ProjectConfigurationPlatforms) = postSolution
		{BEF03F86-150E-4653-8A51-0F1E3DCF3DE5}.Debug|Any CPU.ActiveCfg = Debug|Any CPU
		{BEF03F86-150E-4653-8A51-0F1E3DCF3DE5}.Debug|Any CPU.Build.0 = Debug|Any CPU
		{BEF03F86-150E-4653-8A51-0F1E3DCF3DE5}.Release|Any CPU.ActiveCfg = Release|Any CPU
		{BEF03F86-150E-4653-8A51-0F1E3DCF3DE5}.Release|Any CPU.Build.0 = Release|Any CPU
	EndGlobalSection
	GlobalSection(SolutionProperties) = preSolution
		HideSolutionNode = FALSE
	EndGlobalSection
	GlobalSection(ExtensibilityGlobals) = postSolution
		SolutionGuid = {548C1324-B517-4B0F-B19B-45AEE31F2F32}
	EndGlobalSection
EndGlobal
